{
  "name": "npm-workspaces-example",
  "version": "1.0.0",
  "lockfileVersion": 2,
  "requires": true,
  "packages": {
    "": {
      "name": "npm-workspaces-example",
      "version": "1.0.0",
      "license": "Apache-2.0",
      "workspaces": [
        "components",
        "app"
      ]
    },
    "app": {
      "version": "1.0.0",
      "license": "Apache-2.0"
    },
    "components": {
      "version": "1.0.0",
      "license": "Apache-2.0"
    },
    "node_modules/app": {
      "resolved": "app",
      "link": true
    },
    "node_modules/components": {
      "resolved": "components",
      "link": true
    }
  },
  "dependencies": {
    "app": {
      "version": "file:app"
    },
    "components": {
      "version": "file:components"
    }
  }
}
