{
  "name": "npm-workspaces-example",
  "version": "1.0.0",
  "lockfileVersion": 2,
  "requires": true,
  "packages": {
    "": {
      "name": "npm-workspaces-example",
      "version": "1.0.0",
      "license": "Apache-2.0",
      "workspaces": [
        "packages/components",
        "packages/app",
        "packages/api"
      ]
    },
    "node_modules/app": {
      "resolved": "packages/app",
      "link": true
    },
    "node_modules/components": {
      "resolved": "packages/components",
      "link": true
    },
    "node_modules/lodash": {
      "version": "4.17.21",
      "resolved": "https://registry.npmjs.org/lodash/-/lodash-4.17.21.tgz",
      "integrity": "sha512-v2kDEe57lecTulaDIuNTPy3Ry4gLGJ6Z1O3vE1krgXZNrsQ+LFTGHVxVjcXPs17LhbZVGedAJv8XZ1tvj5FvSg=="
    },
    "node_modules/sdk": {
      "resolved": "packages/api",
      "link": true
    },
    "packages/api": {
      "name": "sdk",
      "version": "1.0.0",
      "license": "Apache-2.0",
      "devDependencies": {}
    },
    "packages/app": {
      "version": "1.0.0",
      "license": "Apache-2.0"
    },
    "packages/components": {
      "version": "1.0.0",
      "license": "Apache-2.0",
      "dependencies": {
        "lodash": "^4.17.21"
      }
    }
  },
  "dependencies": {
    "app": {
      "version": "file:packages/app"
    },
    "components": {
      "version": "file:packages/components",
      "requires": {
        "lodash": "*"
      }
    },
    "lodash": {
      "version": "4.17.21",
      "resolved": "https://registry.npmjs.org/lodash/-/lodash-4.17.21.tgz",
      "integrity": "sha512-v2kDEe57lecTulaDIuNTPy3Ry4gLGJ6Z1O3vE1krgXZNrsQ+LFTGHVxVjcXPs17LhbZVGedAJv8XZ1tvj5FvSg=="
    },
    "sdk": {
      "version": "file:packages/api"
    }
  }
}
